// !$*UTF8*$!
{
	archiveVersion = 1;
	classes = {
	};
	objectVersion = 51;
	objects = {

/* Begin PBXBuildFile section */
		2CC859151DE3DB368E64713A /* Pods_UberCloneApp.framework in Frameworks */ = {isa = PBXBuildFile; fileRef = CFDC2A18FA23ADD6E684A772 /* Pods_UberCloneApp.framework */; };
		5463B0842407B0C50014E6E3 /* HomeController.swift in Sources */ = {isa = PBXBuildFile; fileRef = 5463B0832407B0C50014E6E3 /* HomeController.swift */; };
		5480ABB82417422F00F2B033 /* Service.swift in Sources */ = {isa = PBXBuildFile; fileRef = 5480ABB72417422F00F2B033 /* Service.swift */; };
		5480ABBA24177ECA00F2B033 /* User.swift in Sources */ = {isa = PBXBuildFile; fileRef = 5480ABB924177ECA00F2B033 /* User.swift */; };
		548410A92416153F008965DB /* LocationInputActivationView.swift in Sources */ = {isa = PBXBuildFile; fileRef = 548410A82416153F008965DB /* LocationInputActivationView.swift */; };
		548410AB24162941008965DB /* LocationInputView.swift in Sources */ = {isa = PBXBuildFile; fileRef = 548410AA24162941008965DB /* LocationInputView.swift */; };
		548410AD241646BB008965DB /* LocationCell.swift in Sources */ = {isa = PBXBuildFile; fileRef = 548410AC241646BB008965DB /* LocationCell.swift */; };
		549C26A12406220E00CB817F /* SignUpController.swift in Sources */ = {isa = PBXBuildFile; fileRef = 549C26A02406220E00CB817F /* SignUpController.swift */; };
		549C26A324063E2A00CB817F /* AuthButton.swift in Sources */ = {isa = PBXBuildFile; fileRef = 549C26A224063E2A00CB817F /* AuthButton.swift */; };
		549C26A5240656D700CB817F /* GoogleService-Info.plist in Resources */ = {isa = PBXBuildFile; fileRef = 549C26A4240656D700CB817F /* GoogleService-Info.plist */; };
		54ECF6E023FD0B0800089377 /* AppDelegate.swift in Sources */ = {isa = PBXBuildFile; fileRef = 54ECF6DF23FD0B0800089377 /* AppDelegate.swift */; };
		54ECF6E223FD0B0800089377 /* SceneDelegate.swift in Sources */ = {isa = PBXBuildFile; fileRef = 54ECF6E123FD0B0800089377 /* SceneDelegate.swift */; };
		54ECF6E723FD0B0800089377 /* Main.storyboard in Resources */ = {isa = PBXBuildFile; fileRef = 54ECF6E523FD0B0800089377 /* Main.storyboard */; };
		54ECF6E923FD0B0A00089377 /* Assets.xcassets in Resources */ = {isa = PBXBuildFile; fileRef = 54ECF6E823FD0B0A00089377 /* Assets.xcassets */; };
		54ECF6EC23FD0B0A00089377 /* LaunchScreen.storyboard in Resources */ = {isa = PBXBuildFile; fileRef = 54ECF6EA23FD0B0A00089377 /* LaunchScreen.storyboard */; };
		54ECF6F923FD0C3800089377 /* LoginController.swift in Sources */ = {isa = PBXBuildFile; fileRef = 54ECF6F823FD0C3800089377 /* LoginController.swift */; };
		54ECF6FB23FD1F6C00089377 /* Extensions.swift in Sources */ = {isa = PBXBuildFile; fileRef = 54ECF6FA23FD1F6C00089377 /* Extensions.swift */; };
/* End PBXBuildFile section */

/* Begin PBXFileReference section */
		35C3F980432C6BAAA1329880 /* Pods-UberCloneApp.release.xcconfig */ = {isa = PBXFileReference; includeInIndex = 1; lastKnownFileType = text.xcconfig; name = "Pods-UberCloneApp.release.xcconfig"; path = "Target Support Files/Pods-UberCloneApp/Pods-UberCloneApp.release.xcconfig"; sourceTree = "<group>"; };
		5463B0832407B0C50014E6E3 /* HomeController.swift */ = {isa = PBXFileReference; lastKnownFileType = sourcecode.swift; path = HomeController.swift; sourceTree = "<group>"; };
		5480ABB72417422F00F2B033 /* Service.swift */ = {isa = PBXFileReference; lastKnownFileType = sourcecode.swift; path = Service.swift; sourceTree = "<group>"; };
		5480ABB924177ECA00F2B033 /* User.swift */ = {isa = PBXFileReference; lastKnownFileType = sourcecode.swift; path = User.swift; sourceTree = "<group>"; };
		548410A82416153F008965DB /* LocationInputActivationView.swift */ = {isa = PBXFileReference; lastKnownFileType = sourcecode.swift; path = LocationInputActivationView.swift; sourceTree = "<group>"; };
		548410AA24162941008965DB /* LocationInputView.swift */ = {isa = PBXFileReference; lastKnownFileType = sourcecode.swift; path = LocationInputView.swift; sourceTree = "<group>"; };
		548410AC241646BB008965DB /* LocationCell.swift */ = {isa = PBXFileReference; lastKnownFileType = sourcecode.swift; path = LocationCell.swift; sourceTree = "<group>"; };
		549C26A02406220E00CB817F /* SignUpController.swift */ = {isa = PBXFileReference; lastKnownFileType = sourcecode.swift; path = SignUpController.swift; sourceTree = "<group>"; };
		549C26A224063E2A00CB817F /* AuthButton.swift */ = {isa = PBXFileReference; lastKnownFileType = sourcecode.swift; path = AuthButton.swift; sourceTree = "<group>"; };
		549C26A4240656D700CB817F /* GoogleService-Info.plist */ = {isa = PBXFileReference; fileEncoding = 4; lastKnownFileType = text.plist.xml; path = "GoogleService-Info.plist"; sourceTree = "<group>"; };
		54ECF6DC23FD0B0800089377 /* UberCloneApp.app */ = {isa = PBXFileReference; explicitFileType = wrapper.application; includeInIndex = 0; path = UberCloneApp.app; sourceTree = BUILT_PRODUCTS_DIR; };
		54ECF6DF23FD0B0800089377 /* AppDelegate.swift */ = {isa = PBXFileReference; lastKnownFileType = sourcecode.swift; path = AppDelegate.swift; sourceTree = "<group>"; };
		54ECF6E123FD0B0800089377 /* SceneDelegate.swift */ = {isa = PBXFileReference; lastKnownFileType = sourcecode.swift; path = SceneDelegate.swift; sourceTree = "<group>"; };
		54ECF6E623FD0B0800089377 /* Base */ = {isa = PBXFileReference; lastKnownFileType = file.storyboard; name = Base; path = Base.lproj/Main.storyboard; sourceTree = "<group>"; };
		54ECF6E823FD0B0A00089377 /* Assets.xcassets */ = {isa = PBXFileReference; lastKnownFileType = folder.assetcatalog; path = Assets.xcassets; sourceTree = "<group>"; };
		54ECF6EB23FD0B0A00089377 /* Base */ = {isa = PBXFileReference; lastKnownFileType = file.storyboard; name = Base; path = Base.lproj/LaunchScreen.storyboard; sourceTree = "<group>"; };
		54ECF6ED23FD0B0A00089377 /* Info.plist */ = {isa = PBXFileReference; lastKnownFileType = text.plist.xml; path = Info.plist; sourceTree = "<group>"; };
		54ECF6F823FD0C3800089377 /* LoginController.swift */ = {isa = PBXFileReference; lastKnownFileType = sourcecode.swift; path = LoginController.swift; sourceTree = "<group>"; };
		54ECF6FA23FD1F6C00089377 /* Extensions.swift */ = {isa = PBXFileReference; lastKnownFileType = sourcecode.swift; path = Extensions.swift; sourceTree = "<group>"; };
		CC7B728583BEF223FE95CC21 /* Pods-UberCloneApp.debug.xcconfig */ = {isa = PBXFileReference; includeInIndex = 1; lastKnownFileType = text.xcconfig; name = "Pods-UberCloneApp.debug.xcconfig"; path = "Target Support Files/Pods-UberCloneApp/Pods-UberCloneApp.debug.xcconfig"; sourceTree = "<group>"; };
		CFDC2A18FA23ADD6E684A772 /* Pods_UberCloneApp.framework */ = {isa = PBXFileReference; explicitFileType = wrapper.framework; includeInIndex = 0; path = Pods_UberCloneApp.framework; sourceTree = BUILT_PRODUCTS_DIR; };
/* End PBXFileReference section */

/* Begin PBXFrameworksBuildPhase section */
		54ECF6D923FD0B0800089377 /* Frameworks */ = {
			isa = PBXFrameworksBuildPhase;
			buildActionMask = 2147483647;
			files = (
				2CC859151DE3DB368E64713A /* Pods_UberCloneApp.framework in Frameworks */,
			);
			runOnlyForDeploymentPostprocessing = 0;
		};
/* End PBXFrameworksBuildPhase section */

/* Begin PBXGroup section */
		54ECF6D323FD0B0800089377 = {
			isa = PBXGroup;
			children = (
				54ECF6DE23FD0B0800089377 /* UberCloneApp */,
				54ECF6DD23FD0B0800089377 /* Products */,
				EF97BD5A710D1E9DA41C0F43 /* Pods */,
				DCAAF3662946963B154A296D /* Frameworks */,
			);
			sourceTree = "<group>";
		};
		54ECF6DD23FD0B0800089377 /* Products */ = {
			isa = PBXGroup;
			children = (
				54ECF6DC23FD0B0800089377 /* UberCloneApp.app */,
			);
			name = Products;
			sourceTree = "<group>";
		};
		54ECF6DE23FD0B0800089377 /* UberCloneApp */ = {
			isa = PBXGroup;
			children = (
				54ECF6F723FD0BE200089377 /* Model */,
				54ECF6F623FD0BDF00089377 /* View */,
				54ECF6F523FD0BDD00089377 /* Controller */,
				54ECF6F423FD0BDA00089377 /* Service */,
				54ECF6F323FD0BD800089377 /* Utils */,
				54ECF6DF23FD0B0800089377 /* AppDelegate.swift */,
				54ECF6E123FD0B0800089377 /* SceneDelegate.swift */,
				54ECF6E523FD0B0800089377 /* Main.storyboard */,
				54ECF6E823FD0B0A00089377 /* Assets.xcassets */,
				54ECF6EA23FD0B0A00089377 /* LaunchScreen.storyboard */,
				549C26A4240656D700CB817F /* GoogleService-Info.plist */,
				54ECF6ED23FD0B0A00089377 /* Info.plist */,
			);
			path = UberCloneApp;
			sourceTree = "<group>";
		};
		54ECF6F323FD0BD800089377 /* Utils */ = {
			isa = PBXGroup;
			children = (
				54ECF6FA23FD1F6C00089377 /* Extensions.swift */,
			);
			path = Utils;
			sourceTree = "<group>";
		};
		54ECF6F423FD0BDA00089377 /* Service */ = {
			isa = PBXGroup;
			children = (
				5480ABB72417422F00F2B033 /* Service.swift */,
			);
			path = Service;
			sourceTree = "<group>";
		};
		54ECF6F523FD0BDD00089377 /* Controller */ = {
			isa = PBXGroup;
			children = (
				54ECF6F823FD0C3800089377 /* LoginController.swift */,
				549C26A02406220E00CB817F /* SignUpController.swift */,
				5463B0832407B0C50014E6E3 /* HomeController.swift */,
			);
			path = Controller;
			sourceTree = "<group>";
		};
		54ECF6F623FD0BDF00089377 /* View */ = {
			isa = PBXGroup;
			children = (
				549C26A224063E2A00CB817F /* AuthButton.swift */,
				548410A82416153F008965DB /* LocationInputActivationView.swift */,
				548410AA24162941008965DB /* LocationInputView.swift */,
				548410AC241646BB008965DB /* LocationCell.swift */,
			);
			path = View;
			sourceTree = "<group>";
		};
		54ECF6F723FD0BE200089377 /* Model */ = {
			isa = PBXGroup;
			children = (
				5480ABB924177ECA00F2B033 /* User.swift */,
			);
			path = Model;
			sourceTree = "<group>";
		};
		DCAAF3662946963B154A296D /* Frameworks */ = {
			isa = PBXGroup;
			children = (
				CFDC2A18FA23ADD6E684A772 /* Pods_UberCloneApp.framework */,
			);
			name = Frameworks;
			sourceTree = "<group>";
		};
		EF97BD5A710D1E9DA41C0F43 /* Pods */ = {
			isa = PBXGroup;
			children = (
				CC7B728583BEF223FE95CC21 /* Pods-UberCloneApp.debug.xcconfig */,
				35C3F980432C6BAAA1329880 /* Pods-UberCloneApp.release.xcconfig */,
			);
			path = Pods;
			sourceTree = "<group>";
		};
/* End PBXGroup section */

/* Begin PBXNativeTarget section */
		54ECF6DB23FD0B0800089377 /* UberCloneApp */ = {
			isa = PBXNativeTarget;
			buildConfigurationList = 54ECF6F023FD0B0A00089377 /* Build configuration list for PBXNativeTarget "UberCloneApp" */;
			buildPhases = (
				4A92A8A27BB28B1E45B2EAA4 /* [CP] Check Pods Manifest.lock */,
				54ECF6D823FD0B0800089377 /* Sources */,
				54ECF6D923FD0B0800089377 /* Frameworks */,
				54ECF6DA23FD0B0800089377 /* Resources */,
				86F51F5982CDC7FAC7588115 /* [CP] Embed Pods Frameworks */,
			);
			buildRules = (
			);
			dependencies = (
			);
			name = UberCloneApp;
			productName = UberCloneApp;
			productReference = 54ECF6DC23FD0B0800089377 /* UberCloneApp.app */;
			productType = "com.apple.product-type.application";
		};
/* End PBXNativeTarget section */

/* Begin PBXProject section */
		54ECF6D423FD0B0800089377 /* Project object */ = {
			isa = PBXProject;
			attributes = {
				LastSwiftUpdateCheck = 1130;
				LastUpgradeCheck = 1130;
				ORGANIZATIONNAME = "Muhammat Fandi Mayuso";
				TargetAttributes = {
					54ECF6DB23FD0B0800089377 = {
						CreatedOnToolsVersion = 11.3.1;
					};
				};
			};
			buildConfigurationList = 54ECF6D723FD0B0800089377 /* Build configuration list for PBXProject "UberCloneApp" */;
			compatibilityVersion = "Xcode 9.3";
			developmentRegion = en;
			hasScannedForEncodings = 0;
			knownRegions = (
				en,
				Base,
			);
			mainGroup = 54ECF6D323FD0B0800089377;
			productRefGroup = 54ECF6DD23FD0B0800089377 /* Products */;
			projectDirPath = "";
			projectRoot = "";
			targets = (
				54ECF6DB23FD0B0800089377 /* UberCloneApp */,
			);
		};
/* End PBXProject section */

/* Begin PBXResourcesBuildPhase section */
		54ECF6DA23FD0B0800089377 /* Resources */ = {
			isa = PBXResourcesBuildPhase;
			buildActionMask = 2147483647;
			files = (
				54ECF6EC23FD0B0A00089377 /* LaunchScreen.storyboard in Resources */,
				549C26A5240656D700CB817F /* GoogleService-Info.plist in Resources */,
				54ECF6E923FD0B0A00089377 /* Assets.xcassets in Resources */,
				54ECF6E723FD0B0800089377 /* Main.storyboard in Resources */,
			);
			runOnlyForDeploymentPostprocessing = 0;
		};
/* End PBXResourcesBuildPhase section */

/* Begin PBXShellScriptBuildPhase section */
		4A92A8A27BB28B1E45B2EAA4 /* [CP] Check Pods Manifest.lock */ = {
			isa = PBXShellScriptBuildPhase;
			buildActionMask = 2147483647;
			files = (
			);
			inputFileListPaths = (
			);
			inputPaths = (
				"${PODS_PODFILE_DIR_PATH}/Podfile.lock",
				"${PODS_ROOT}/Manifest.lock",
			);
			name = "[CP] Check Pods Manifest.lock";
			outputFileListPaths = (
			);
			outputPaths = (
				"$(DERIVED_FILE_DIR)/Pods-UberCloneApp-checkManifestLockResult.txt",
			);
			runOnlyForDeploymentPostprocessing = 0;
			shellPath = /bin/sh;
			shellScript = "diff \"${PODS_PODFILE_DIR_PATH}/Podfile.lock\" \"${PODS_ROOT}/Manifest.lock\" > /dev/null\nif [ $? != 0 ] ; then\n    # print error to STDERR\n    echo \"error: The sandbox is not in sync with the Podfile.lock. Run 'pod install' or update your CocoaPods installation.\" >&2\n    exit 1\nfi\n# This output is used by Xcode 'outputs' to avoid re-running this script phase.\necho \"SUCCESS\" > \"${SCRIPT_OUTPUT_FILE_0}\"\n";
			showEnvVarsInLog = 0;
		};
		86F51F5982CDC7FAC7588115 /* [CP] Embed Pods Frameworks */ = {
			isa = PBXShellScriptBuildPhase;
			buildActionMask = 2147483647;
			files = (
			);
			inputFileListPaths = (
				"${PODS_ROOT}/Target Support Files/Pods-UberCloneApp/Pods-UberCloneApp-frameworks-${CONFIGURATION}-input-files.xcfilelist",
			);
			name = "[CP] Embed Pods Frameworks";
			outputFileListPaths = (
				"${PODS_ROOT}/Target Support Files/Pods-UberCloneApp/Pods-UberCloneApp-frameworks-${CONFIGURATION}-output-files.xcfilelist",
			);
			runOnlyForDeploymentPostprocessing = 0;
			shellPath = /bin/sh;
			shellScript = "\"${PODS_ROOT}/Target Support Files/Pods-UberCloneApp/Pods-UberCloneApp-frameworks.sh\"\n";
			showEnvVarsInLog = 0;
		};
/* End PBXShellScriptBuildPhase section */

/* Begin PBXSourcesBuildPhase section */
		54ECF6D823FD0B0800089377 /* Sources */ = {
			isa = PBXSourcesBuildPhase;
			buildActionMask = 2147483647;
			files = (
				549C26A12406220E00CB817F /* SignUpController.swift in Sources */,
				549C26A324063E2A00CB817F /* AuthButton.swift in Sources */,
				5463B0842407B0C50014E6E3 /* HomeController.swift in Sources */,
				548410AB24162941008965DB /* LocationInputView.swift in Sources */,
				54ECF6E023FD0B0800089377 /* AppDelegate.swift in Sources */,
				54ECF6F923FD0C3800089377 /* LoginController.swift in Sources */,
				548410AD241646BB008965DB /* LocationCell.swift in Sources */,
				54ECF6E223FD0B0800089377 /* SceneDelegate.swift in Sources */,
				5480ABBA24177ECA00F2B033 /* User.swift in Sources */,
				5480ABB82417422F00F2B033 /* Service.swift in Sources */,
				548410A92416153F008965DB /* LocationInputActivationView.swift in Sources */,
				54ECF6FB23FD1F6C00089377 /* Extensions.swift in Sources */,
			);
			runOnlyForDeploymentPostprocessing = 0;
		};
/* End PBXSourcesBuildPhase section */

/* Begin PBXVariantGroup section */
		54ECF6E523FD0B0800089377 /* Main.storyboard */ = {
			isa = PBXVariantGroup;
			children = (
				54ECF6E623FD0B0800089377 /* Base */,
			);
			name = Main.storyboard;
			sourceTree = "<group>";
		};
		54ECF6EA23FD0B0A00089377 /* LaunchScreen.storyboard */ = {
			isa = PBXVariantGroup;
			children = (
				54ECF6EB23FD0B0A00089377 /* Base */,
			);
			name = LaunchScreen.storyboard;
			sourceTree = "<group>";
		};
/* End PBXVariantGroup section */

/* Begin XCBuildConfiguration section */
		54ECF6EE23FD0B0A00089377 /* Debug */ = {
			isa = XCBuildConfiguration;
			buildSettings = {
				ALWAYS_SEARCH_USER_PATHS = NO;
				CLANG_ANALYZER_NONNULL = YES;
				CLANG_ANALYZER_NUMBER_OBJECT_CONVERSION = YES_AGGRESSIVE;
				CLANG_CXX_LANGUAGE_STANDARD = "gnu++14";
				CLANG_CXX_LIBRARY = "libc++";
				CLANG_ENABLE_MODULES = YES;
				CLANG_ENABLE_OBJC_ARC = YES;
				CLANG_ENABLE_OBJC_WEAK = YES;
				CLANG_WARN_BLOCK_CAPTURE_AUTORELEASING = YES;
				CLANG_WARN_BOOL_CONVERSION = YES;
				CLANG_WARN_COMMA = YES;
				CLANG_WARN_CONSTANT_CONVERSION = YES;
				CLANG_WARN_DEPRECATED_OBJC_IMPLEMENTATIONS = YES;
				CLANG_WARN_DIRECT_OBJC_ISA_USAGE = YES_ERROR;
				CLANG_WARN_DOCUMENTATION_COMMENTS = YES;
				CLANG_WARN_EMPTY_BODY = YES;
				CLANG_WARN_ENUM_CONVERSION = YES;
				CLANG_WARN_INFINITE_RECURSION = YES;
				CLANG_WARN_INT_CONVERSION = YES;
				CLANG_WARN_NON_LITERAL_NULL_CONVERSION = YES;
				CLANG_WARN_OBJC_IMPLICIT_RETAIN_SELF = YES;
				CLANG_WARN_OBJC_LITERAL_CONVERSION = YES;
				CLANG_WARN_OBJC_ROOT_CLASS = YES_ERROR;
				CLANG_WARN_RANGE_LOOP_ANALYSIS = YES;
				CLANG_WARN_STRICT_PROTOTYPES = YES;
				CLANG_WARN_SUSPICIOUS_MOVE = YES;
				CLANG_WARN_UNGUARDED_AVAILABILITY = YES_AGGRESSIVE;
				CLANG_WARN_UNREACHABLE_CODE = YES;
				CLANG_WARN__DUPLICATE_METHOD_MATCH = YES;
				COPY_PHASE_STRIP = NO;
				DEBUG_INFORMATION_FORMAT = dwarf;
				ENABLE_STRICT_OBJC_MSGSEND = YES;
				ENABLE_TESTABILITY = YES;
				GCC_C_LANGUAGE_STANDARD = gnu11;
				GCC_DYNAMIC_NO_PIC = NO;
				GCC_NO_COMMON_BLOCKS = YES;
				GCC_OPTIMIZATION_LEVEL = 0;
				GCC_PREPROCESSOR_DEFINITIONS = (
					"DEBUG=1",
					"$(inherited)",
				);
				GCC_WARN_64_TO_32_BIT_CONVERSION = YES;
				GCC_WARN_ABOUT_RETURN_TYPE = YES_ERROR;
				GCC_WARN_UNDECLARED_SELECTOR = YES;
				GCC_WARN_UNINITIALIZED_AUTOS = YES_AGGRESSIVE;
				GCC_WARN_UNUSED_FUNCTION = YES;
				GCC_WARN_UNUSED_VARIABLE = YES;
				IPHONEOS_DEPLOYMENT_TARGET = 13.2;
				MTL_ENABLE_DEBUG_INFO = INCLUDE_SOURCE;
				MTL_FAST_MATH = YES;
				ONLY_ACTIVE_ARCH = YES;
				SDKROOT = iphoneos;
				SWIFT_ACTIVE_COMPILATION_CONDITIONS = DEBUG;
				SWIFT_OPTIMIZATION_LEVEL = "-Onone";
			};
			name = Debug;
		};
		54ECF6EF23FD0B0A00089377 /* Release */ = {
			isa = XCBuildConfiguration;
			buildSettings = {
				ALWAYS_SEARCH_USER_PATHS = NO;
				CLANG_ANALYZER_NONNULL = YES;
				CLANG_ANALYZER_NUMBER_OBJECT_CONVERSION = YES_AGGRESSIVE;
				CLANG_CXX_LANGUAGE_STANDARD = "gnu++14";
				CLANG_CXX_LIBRARY = "libc++";
				CLANG_ENABLE_MODULES = YES;
				CLANG_ENABLE_OBJC_ARC = YES;
				CLANG_ENABLE_OBJC_WEAK = YES;
				CLANG_WARN_BLOCK_CAPTURE_AUTORELEASING = YES;
				CLANG_WARN_BOOL_CONVERSION = YES;
				CLANG_WARN_COMMA = YES;
				CLANG_WARN_CONSTANT_CONVERSION = YES;
				CLANG_WARN_DEPRECATED_OBJC_IMPLEMENTATIONS = YES;
				CLANG_WARN_DIRECT_OBJC_ISA_USAGE = YES_ERROR;
				CLANG_WARN_DOCUMENTATION_COMMENTS = YES;
				CLANG_WARN_EMPTY_BODY = YES;
				CLANG_WARN_ENUM_CONVERSION = YES;
				CLANG_WARN_INFINITE_RECURSION = YES;
				CLANG_WARN_INT_CONVERSION = YES;
				CLANG_WARN_NON_LITERAL_NULL_CONVERSION = YES;
				CLANG_WARN_OBJC_IMPLICIT_RETAIN_SELF = YES;
				CLANG_WARN_OBJC_LITERAL_CONVERSION = YES;
				CLANG_WARN_OBJC_ROOT_CLASS = YES_ERROR;
				CLANG_WARN_RANGE_LOOP_ANALYSIS = YES;
				CLANG_WARN_STRICT_PROTOTYPES = YES;
				CLANG_WARN_SUSPICIOUS_MOVE = YES;
				CLANG_WARN_UNGUARDED_AVAILABILITY = YES_AGGRESSIVE;
				CLANG_WARN_UNREACHABLE_CODE = YES;
				CLANG_WARN__DUPLICATE_METHOD_MATCH = YES;
				COPY_PHASE_STRIP = NO;
				DEBUG_INFORMATION_FORMAT = "dwarf-with-dsym";
				ENABLE_NS_ASSERTIONS = NO;
				ENABLE_STRICT_OBJC_MSGSEND = YES;
				GCC_C_LANGUAGE_STANDARD = gnu11;
				GCC_NO_COMMON_BLOCKS = YES;
				GCC_WARN_64_TO_32_BIT_CONVERSION = YES;
				GCC_WARN_ABOUT_RETURN_TYPE = YES_ERROR;
				GCC_WARN_UNDECLARED_SELECTOR = YES;
				GCC_WARN_UNINITIALIZED_AUTOS = YES_AGGRESSIVE;
				GCC_WARN_UNUSED_FUNCTION = YES;
				GCC_WARN_UNUSED_VARIABLE = YES;
				IPHONEOS_DEPLOYMENT_TARGET = 13.2;
				MTL_ENABLE_DEBUG_INFO = NO;
				MTL_FAST_MATH = YES;
				SDKROOT = iphoneos;
				SWIFT_COMPILATION_MODE = wholemodule;
				SWIFT_OPTIMIZATION_LEVEL = "-O";
				VALIDATE_PRODUCT = YES;
			};
			name = Release;
		};
		54ECF6F123FD0B0A00089377 /* Debug */ = {
			isa = XCBuildConfiguration;
			baseConfigurationReference = CC7B728583BEF223FE95CC21 /* Pods-UberCloneApp.debug.xcconfig */;
			buildSettings = {
				ASSETCATALOG_COMPILER_APPICON_NAME = AppIcon;
				CODE_SIGN_STYLE = Automatic;
				DEVELOPMENT_TEAM = AYDZ99583M;
				INFOPLIST_FILE = UberCloneApp/Info.plist;
				LD_RUNPATH_SEARCH_PATHS = (
					"$(inherited)",
					"@executable_path/Frameworks",
				);
				PRODUCT_BUNDLE_IDENTIFIER = com.fandi.UberCloneApp;
				PRODUCT_NAME = "$(TARGET_NAME)";
				SWIFT_VERSION = 5.0;
				TARGETED_DEVICE_FAMILY = "1,2";
			};
			name = Debug;
		};
		54ECF6F223FD0B0A00089377 /* Release */ = {
			isa = XCBuildConfiguration;
			baseConfigurationReference = 35C3F980432C6BAAA1329880 /* Pods-UberCloneApp.release.xcconfig */;
			buildSettings = {
				ASSETCATALOG_COMPILER_APPICON_NAME = AppIcon;
				CODE_SIGN_STYLE = Automatic;
				DEVELOPMENT_TEAM = AYDZ99583M;
				INFOPLIST_FILE = UberCloneApp/Info.plist;
				LD_RUNPATH_SEARCH_PATHS = (
					"$(inherited)",
					"@executable_path/Frameworks",
				);
				PRODUCT_BUNDLE_IDENTIFIER = com.fandi.UberCloneApp;
				PRODUCT_NAME = "$(TARGET_NAME)";
				SWIFT_VERSION = 5.0;
				TARGETED_DEVICE_FAMILY = "1,2";
			};
			name = Release;
		};
/* End XCBuildConfiguration section */

/* Begin XCConfigurationList section */
		54ECF6D723FD0B0800089377 /* Build configuration list for PBXProject "UberCloneApp" */ = {
			isa = XCConfigurationList;
			buildConfigurations = (
				54ECF6EE23FD0B0A00089377 /* Debug */,
				54ECF6EF23FD0B0A00089377 /* Release */,
			);
			defaultConfigurationIsVisible = 0;
			defaultConfigurationName = Release;
		};
		54ECF6F023FD0B0A00089377 /* Build configuration list for PBXNativeTarget "UberCloneApp" */ = {
			isa = XCConfigurationList;
			buildConfigurations = (
				54ECF6F123FD0B0A00089377 /* Debug */,
				54ECF6F223FD0B0A00089377 /* Release */,
			);
			defaultConfigurationIsVisible = 0;
			defaultConfigurationName = Release;
		};
/* End XCConfigurationList section */
	};
	rootObject = 54ECF6D423FD0B0800089377 /* Project object */;
}
